
Microsoft Visual Studio Solution File, Format Version 12.00
# Visual Studio Version 17
VisualStudioVersion = 17.3.32922.545
MinimumVisualStudioVersion = 10.0.40219.1
Project("{FAE04EC0-301F-11D3-BF4B-00C04F79EFBC}") = "MyReaction", "MyReaction.csproj", "{7E92C9D1-25D5-445D-BEAB-3A8B0BDA0DEA}"
EndProject
Global
	GlobalSection(SolutionConfigurationPlatforms) = preSolution
		Debug|Any CPU = Debug|Any CPU
		Release|Any CPU = Release|Any CPU
	EndGlobalSection
	GlobalSection(ProjectConfigurationPlatforms) = postSolution
		{7E92C9D1-25D5-445D-BEAB-3A8B0BDA0DEA}.Debug|Any CPU.ActiveCfg = Debug|Any CPU
		{7E92C9D1-25D5-445D-BEAB-3A8B0BDA0DEA}.Debug|Any CPU.Build.0 = Debug|Any CPU
		{7E92C9D1-25D5-445D-BEAB-3A8B0BDA0DEA}.Release|Any CPU.ActiveCfg = Release|Any CPU
		{7E92C9D1-25D5-445D-BEAB-3A8B0BDA0DEA}.Release|Any CPU.Build.0 = Release|Any CPU
	EndGlobalSection
	GlobalSection(SolutionProperties) = preSolution
		HideSolutionNode = FALSE
	EndGlobalSection
	GlobalSection(ExtensibilityGlobals) = postSolution
		SolutionGuid = {F6C655C6-3BBD-4D15-AAD9-77923114B447}
	EndGlobalSection
EndGlobal
